<?xml version="1.0" encoding="utf-8"?>
<Project ToolsVersion="4.0" xmlns="http://schemas.microsoft.com/developer/msbuild/2003">
  <ItemGroup>
    <ClCompile Include="external\imgui\imgui.cpp" />
    <ClCompile Include="external\imgui\imgui_demo.cpp" />
    <ClCompile Include="external\imgui\imgui_draw.cpp" />
    <ClCompile Include="external\imgui\imgui_impl_dx11.cpp" />
    <ClCompile Include="external\imgui\imgui_impl_win32.cpp" />
    <ClCompile Include="external\imgui\imgui_tables.cpp" />
    <ClCompile Include="external\imgui\imgui_widgets.cpp" />
    <ClCompile Include="main.cpp" />
    <ClCompile Include="src\gui\gui_esp.cpp" />
    <ClCompile Include="src\gui\gui_menu.cpp" />
    <ClCompile Include="src\hacks\hacks.cpp" />
    <ClCompile Include="src\api\api.cpp" />
    <ClCompile Include="src\utils\auto_updater.cpp" />
  </ItemGroup>
  <ItemGroup>
    <ClInclude Include="src\gui\gui_esp.h" />
    <ClInclude Include="src\gui\gui_menu.h" />
    <ClInclude Include="src\gui\main_gui.h" />
    <ClInclude Include="src\utils\config_manager.h" />
    <ClInclude Include="src\utils\driver.h" />
    <ClInclude Include="external\imgui\imconfig.h" />
    <ClInclude Include="external\imgui\imgui.h" />
    <ClInclude Include="external\imgui\imgui_impl_dx11.h" />
    <ClInclude Include="external\imgui\imgui_impl_win32.h" />
    <ClInclude Include="external\imgui\imgui_internal.h" />
    <ClInclude Include="external\imgui\imstb_rectpack.h" />
    <ClInclude Include="external\imgui\imstb_textedit.h" />
    <ClInclude Include="external\imgui\imstb_truetype.h" />
    <ClInclude Include="globals.h" />
    <ClInclude Include="src\hacks\hacks.h" />
    <ClInclude Include="src\utils\loader.h" />
    <ClInclude Include="src\utils\obfuscate.h" />
    <ClInclude Include="src\utils\vector.h" />
    <ClInclude Include="src\utils\json.hpp" />
    <ClInclude Include="src\utils\httplib.h" />
    <ClInclude Include="src\api\api.h" />
    <ClInclude Include="src\utils\nondrivermem.h" />
  </ItemGroup>
</Project>